
Microsoft Visual Studio Solution File, Format Version 12.00
# Visual Studio 15
VisualStudioVersion = 15.0.28307.136
MinimumVisualStudioVersion = 10.0.40219.1
Project("{FAE04EC0-301F-11D3-BF4B-00C04F79EFBC}") = "task-one-one", "task-one-one\task-one-one.csproj", "{5046FEBB-C297-41D7-8746-5F851CAE7C45}"
EndProject
Global
	GlobalSection(SolutionConfigurationPlatforms) = preSolution
		Debug|Any CPU = Debug|Any CPU
		Release|Any CPU = Release|Any CPU
	EndGlobalSection
	GlobalSection(ProjectConfigurationPlatforms) = postSolution
		{5046FEBB-C297-41D7-8746-5F851CAE7C45}.Debug|Any CPU.ActiveCfg = Debug|Any CPU
		{5046FEBB-C297-41D7-8746-5F851CAE7C45}.Debug|Any CPU.Build.0 = Debug|Any CPU
		{5046FEBB-C297-41D7-8746-5F851CAE7C45}.Release|Any CPU.ActiveCfg = Release|Any CPU
		{5046FEBB-C297-41D7-8746-5F851CAE7C45}.Release|Any CPU.Build.0 = Release|Any CPU
	EndGlobalSection
	GlobalSection(SolutionProperties) = preSolution
		HideSolutionNode = FALSE
	EndGlobalSection
	GlobalSection(ExtensibilityGlobals) = postSolution
		SolutionGuid = {56FB8F37-635C-4714-BC50-9A8342E2B20E}
	EndGlobalSection
EndGlobal
